
Microsoft Visual Studio Solution File, Format Version 12.00
# Visual Studio Version 16
VisualStudioVersion = 16.0.30804.86
MinimumVisualStudioVersion = 10.0.40219.1
Project("{FAE04EC0-301F-11D3-BF4B-00C04F79EFBC}") = "UnitaryTester", "UnitaryTester.csproj", "{1B68D823-F4A3-438B-8CA2-6BE5AB16D8D6}"
EndProject
Global
	GlobalSection(SolutionConfigurationPlatforms) = preSolution
		Debug|Any CPU = Debug|Any CPU
		Release|Any CPU = Release|Any CPU
	EndGlobalSection
	GlobalSection(ProjectConfigurationPlatforms) = postSolution
		{1B68D823-F4A3-438B-8CA2-6BE5AB16D8D6}.Debug|Any CPU.ActiveCfg = Debug|Any CPU
		{1B68D823-F4A3-438B-8CA2-6BE5AB16D8D6}.Debug|Any CPU.Build.0 = Debug|Any CPU
		{1B68D823-F4A3-438B-8CA2-6BE5AB16D8D6}.Release|Any CPU.ActiveCfg = Release|Any CPU
		{1B68D823-F4A3-438B-8CA2-6BE5AB16D8D6}.Release|Any CPU.Build.0 = Release|Any CPU
	EndGlobalSection
	GlobalSection(SolutionProperties) = preSolution
		HideSolutionNode = FALSE
	EndGlobalSection
	GlobalSection(ExtensibilityGlobals) = postSolution
		SolutionGuid = {E2D4D06C-B139-4B0B-969C-A67E852992D6}
	EndGlobalSection
EndGlobal
